
Microsoft Visual Studio Solution File, Format Version 12.00
# Visual Studio Version 16
VisualStudioVersion = 16.0.31624.102
MinimumVisualStudioVersion = 10.0.40219.1
Project("{FAE04EC0-301F-11D3-BF4B-00C04F79EFBC}") = "eCommerce", "eCommerce\eCommerce.csproj", "{47FD278D-1346-4AEF-8EC1-C9916F877924}"
EndProject
Global
	GlobalSection(SolutionConfigurationPlatforms) = preSolution
		Debug|Any CPU = Debug|Any CPU
		Release|Any CPU = Release|Any CPU
	EndGlobalSection
	GlobalSection(ProjectConfigurationPlatforms) = postSolution
		{47FD278D-1346-4AEF-8EC1-C9916F877924}.Debug|Any CPU.ActiveCfg = Debug|Any CPU
		{47FD278D-1346-4AEF-8EC1-C9916F877924}.Debug|Any CPU.Build.0 = Debug|Any CPU
		{47FD278D-1346-4AEF-8EC1-C9916F877924}.Release|Any CPU.ActiveCfg = Release|Any CPU
		{47FD278D-1346-4AEF-8EC1-C9916F877924}.Release|Any CPU.Build.0 = Release|Any CPU
	EndGlobalSection
	GlobalSection(SolutionProperties) = preSolution
		HideSolutionNode = FALSE
	EndGlobalSection
	GlobalSection(ExtensibilityGlobals) = postSolution
		SolutionGuid = {688408D3-7CCA-4958-8439-2FB2AD969C76}
	EndGlobalSection
EndGlobal
